{
  "name": "test",
  "version": "1.0.0",
  "lockfileVersion": 2,
  "requires": true,
  "packages": {
    "": {
      "name": "test",
      "version": "1.0.0",
      "license": "ISC",
      "dependencies": {
        "jslog": "file:..",
        "wmlog": "file:.."
      }
    },
    "..": {
      "dependencies": {
        "@grpc/grpc-js": "^1.4.5",
        "google-protobuf": "^3.19.1"
      },
      "devDependencies": {
        "typescript": "^4.5.5"
      }
    },
    "node_modules/jslog": {
      "resolved": "..",
      "link": true
    },
    "node_modules/wmlog": {
      "resolved": "..",
      "link": true
    }
  },
  "dependencies": {
    "jslog": {
      "version": "file:..",
      "requires": {
        "@grpc/grpc-js": "^1.4.5",
        "google-protobuf": "^3.19.1",
        "typescript": "^4.5.5"
      }
    },
    "wmlog": {
      "version": "file:..",
      "requires": {
        "@grpc/grpc-js": "^1.4.5",
        "google-protobuf": "^3.19.1",
        "typescript": "^4.5.5"
      }
    }
  }
}
